<?xml version="1.0" encoding="UTF-8"?>
<CONFIG>
  <ProjectOptions>
    <Version Value="12"/>
    <PathDelim Value="\"/>
    <General>
      <Flags>
        <CompatibilityMode Value="True"/>
      </Flags>
      <SessionStorage Value="InProjectDir"/>
      <Title Value="calendrier"/>
      <Scaled Value="True"/>
      <ResourceType Value="res"/>
      <UseXPManifest Value="True"/>
      <XPManifest>
        <DpiAware Value="True"/>
        <TextName Value="bb-sdtp.Calendrier"/>
        <TextDesc Value="Calendrier perpétuel"/>
      </XPManifest>
      <Icon Value="0"/>
      <Resources Count="5">
        <Resource_0 FileName="fr_villes.csv" Type="RCDATA" ResourceName="FR_VILLES"/>
        <Resource_1 FileName="fr_saints.csv" Type="RCDATA" ResourceName="FR_SAINTS"/>
        <Resource_2 FileName="fr_feries.csv" Type="RCDATA" ResourceName="FR_FERIES"/>
        <Resource_3 FileName="fr_holidays.csv" Type="RCDATA" ResourceName="FR_HOLIDAYS"/>
        <Resource_4 FileName="images\calendrier32.png" Type="RCDATA" ResourceName="CALENDRIER32"/>
      </Resources>
    </General>
    <VersionInfo>
      <UseVersionInfo Value="True"/>
      <MinorVersionNr Value="7"/>
      <RevisionNr Value="2"/>
      <BuildNr Value="3"/>
      <StringTable Comments="Calendrier universel français" CompanyName="sdtp - bb" FileDescription="Calendrier universel" InternalName="calendrier" LegalCopyright="sdtp - bb" LegalTrademarks="sdtp - bb" OriginalFilename="calendrier.exe" ProductName="calendrier" ProductVersion="0.7.2.3"/>
    </VersionInfo>
    <BuildModes Count="1">
      <Item1 Name="Default" Default="True"/>
    </BuildModes>
    <PublishOptions>
      <Version Value="2"/>
      <UseFileFilters Value="True"/>
    </PublishOptions>
    <RunParams>
      <FormatVersion Value="2"/>
    </RunParams>
    <RequiredPackages Count="5">
      <Item1>
        <PackageName Value="Printer4Lazarus"/>
      </Item1>
      <Item2>
        <PackageName Value="lazbbastrocomponents"/>
      </Item2>
      <Item3>
        <PackageName Value="uniqueinstance_package"/>
      </Item3>
      <Item4>
        <PackageName Value="lazbbcomponents"/>
      </Item4>
      <Item5>
        <PackageName Value="LCL"/>
      </Item5>
    </RequiredPackages>
    <Units Count="10">
      <Unit0>
        <Filename Value="calendrier.lpr"/>
        <IsPartOfProject Value="True"/>
      </Unit0>
      <Unit1>
        <Filename Value="calendrier1.pas"/>
        <IsPartOfProject Value="True"/>
        <ComponentName Value="FCalendrier"/>
        <HasResources Value="True"/>
        <ResourceBaseClass Value="Form"/>
      </Unit1>
      <Unit2>
        <Filename Value="..\lazbbunits\lazbbastro.pas"/>
        <IsPartOfProject Value="True"/>
      </Unit2>
      <Unit3>
        <Filename Value="calsettings.pas"/>
        <IsPartOfProject Value="True"/>
        <ComponentName Value="Prefs"/>
        <HasResources Value="True"/>
        <ResourceBaseClass Value="Form"/>
      </Unit3>
      <Unit4>
        <Filename Value="imgresiz.pas"/>
        <IsPartOfProject Value="True"/>
        <ComponentName Value="FImgResiz"/>
        <HasResources Value="True"/>
        <ResourceBaseClass Value="Form"/>
        <UnitName Value="ImgResiz"/>
      </Unit4>
      <Unit5>
        <Filename Value="..\lazbbunits\lazbbaboutupdate.pas"/>
        <IsPartOfProject Value="True"/>
        <ComponentName Value="AboutBox"/>
        <HasResources Value="True"/>
        <ResourceBaseClass Value="Form"/>
      </Unit5>
      <Unit6>
        <Filename Value="calendrier.ini"/>
        <IsPartOfProject Value="True"/>
      </Unit6>
      <Unit7>
        <Filename Value="towns1.pas"/>
        <IsPartOfProject Value="True"/>
        <ComponentName Value="FTowns"/>
        <HasResources Value="True"/>
        <ResourceBaseClass Value="Form"/>
      </Unit7>
      <Unit8>
        <Filename Value="printcal.pas"/>
        <IsPartOfProject Value="True"/>
        <ComponentName Value="FPrintCal"/>
        <HasResources Value="True"/>
        <ResourceBaseClass Value="Form"/>
      </Unit8>
      <Unit9>
        <Filename Value="..\lazbbunits\lazbbresources.pas"/>
        <IsPartOfProject Value="True"/>
        <UnitName Value="lazbbResources"/>
      </Unit9>
    </Units>
  </ProjectOptions>
  <CompilerOptions>
    <Version Value="11"/>
    <PathDelim Value="\"/>
    <Target>
      <Filename Value="calendrier$(TargetOS)"/>
    </Target>
    <SearchPaths>
      <IncludeFiles Value="$(ProjOutDir)"/>
      <OtherUnitFiles Value="..\lazbbunits"/>
      <UnitOutputDirectory Value="lib\$(TargetCPU)-$(TargetOS)"/>
    </SearchPaths>
    <CodeGeneration>
      <TargetCPU Value="x86_64"/>
      <TargetOS Value="win64"/>
    </CodeGeneration>
    <Linking>
      <Debugging>
        <GenerateDebugInfo Value="False"/>
        <DebugInfoType Value="dsDwarf2Set"/>
        <UseValgrind Value="True"/>
      </Debugging>
      <Options>
        <Win32>
          <GraphicApplication Value="True"/>
        </Win32>
      </Options>
    </Linking>
  </CompilerOptions>
  <Debugging>
    <Exceptions Count="4">
      <Item1>
        <Name Value="EAbort"/>
      </Item1>
      <Item2>
        <Name Value="ECodetoolError"/>
      </Item2>
      <Item3>
        <Name Value="EFOpenError"/>
      </Item3>
      <Item4>
        <Name Value="EConvertError"/>
      </Item4>
    </Exceptions>
  </Debugging>
</CONFIG>
